
Microsoft Visual Studio Solution File, Format Version 12.00
# Visual Studio Version 16
VisualStudioVersion = 16.0.30907.101
MinimumVisualStudioVersion = 10.0.40219.1
Project("{FAE04EC0-301F-11D3-BF4B-00C04F79EFBC}") = "Arrays", "Arrays.csproj", "{80BC2C91-1922-497E-BA99-04BE28EE1750}"
EndProject
Global
	GlobalSection(SolutionConfigurationPlatforms) = preSolution
		Debug|Any CPU = Debug|Any CPU
		Release|Any CPU = Release|Any CPU
	EndGlobalSection
	GlobalSection(ProjectConfigurationPlatforms) = postSolution
		{80BC2C91-1922-497E-BA99-04BE28EE1750}.Debug|Any CPU.ActiveCfg = Debug|Any CPU
		{80BC2C91-1922-497E-BA99-04BE28EE1750}.Debug|Any CPU.Build.0 = Debug|Any CPU
		{80BC2C91-1922-497E-BA99-04BE28EE1750}.Release|Any CPU.ActiveCfg = Release|Any CPU
		{80BC2C91-1922-497E-BA99-04BE28EE1750}.Release|Any CPU.Build.0 = Release|Any CPU
	EndGlobalSection
	GlobalSection(SolutionProperties) = preSolution
		HideSolutionNode = FALSE
	EndGlobalSection
	GlobalSection(ExtensibilityGlobals) = postSolution
		SolutionGuid = {A7F70042-0A6D-4E64-BE36-08FE30193DDF}
	EndGlobalSection
EndGlobal
